
Microsoft Visual Studio Solution File, Format Version 12.00
# Visual Studio Version 17
VisualStudioVersion = 17.7.34024.191
MinimumVisualStudioVersion = 10.0.40219.1
Project("{FAE04EC0-301F-11D3-BF4B-00C04F79EFBC}") = "Project5dll", "Project5dll\Project5dll.csproj", "{76DA71B1-2AED-47D0-A639-AD75F9D3681E}"
EndProject
Project("{FAE04EC0-301F-11D3-BF4B-00C04F79EFBC}") = "TryIt", "TryIt\TryIt.csproj", "{498B2A7D-22F1-4683-8F7C-950405552A3A}"
EndProject
Global
	GlobalSection(SolutionConfigurationPlatforms) = preSolution
		Debug|Any CPU = Debug|Any CPU
		Release|Any CPU = Release|Any CPU
	EndGlobalSection
	GlobalSection(ProjectConfigurationPlatforms) = postSolution
		{76DA71B1-2AED-47D0-A639-AD75F9D3681E}.Debug|Any CPU.ActiveCfg = Debug|Any CPU
		{76DA71B1-2AED-47D0-A639-AD75F9D3681E}.Debug|Any CPU.Build.0 = Debug|Any CPU
		{76DA71B1-2AED-47D0-A639-AD75F9D3681E}.Release|Any CPU.ActiveCfg = Release|Any CPU
		{76DA71B1-2AED-47D0-A639-AD75F9D3681E}.Release|Any CPU.Build.0 = Release|Any CPU
		{498B2A7D-22F1-4683-8F7C-950405552A3A}.Debug|Any CPU.ActiveCfg = Debug|Any CPU
		{498B2A7D-22F1-4683-8F7C-950405552A3A}.Debug|Any CPU.Build.0 = Debug|Any CPU
		{498B2A7D-22F1-4683-8F7C-950405552A3A}.Release|Any CPU.ActiveCfg = Release|Any CPU
		{498B2A7D-22F1-4683-8F7C-950405552A3A}.Release|Any CPU.Build.0 = Release|Any CPU
	EndGlobalSection
	GlobalSection(SolutionProperties) = preSolution
		HideSolutionNode = FALSE
	EndGlobalSection
	GlobalSection(ExtensibilityGlobals) = postSolution
		SolutionGuid = {567CD20C-8900-45FC-B572-1822D6F83E75}
	EndGlobalSection
EndGlobal
